
Microsoft Visual Studio Solution File, Format Version 12.00
# Visual Studio Version 16
VisualStudioVersion = 16.0.32106.194
MinimumVisualStudioVersion = 10.0.40219.1
Project("{FAE04EC0-301F-11D3-BF4B-00C04F79EFBC}") = "PvmTask", "PvmTask.csproj", "{EBBCF266-4977-494F-808F-2B4FE4BF695C}"
EndProject
Project("{FAE04EC0-301F-11D3-BF4B-00C04F79EFBC}") = "PvmTaskTests", "..\PvmTaskTests\PvmTaskTests.csproj", "{A5F284EA-3C98-454F-BFF4-C1A5DA1AB377}"
EndProject
Global
	GlobalSection(SolutionConfigurationPlatforms) = preSolution
		Debug|Any CPU = Debug|Any CPU
		Release|Any CPU = Release|Any CPU
	EndGlobalSection
	GlobalSection(ProjectConfigurationPlatforms) = postSolution
		{EBBCF266-4977-494F-808F-2B4FE4BF695C}.Debug|Any CPU.ActiveCfg = Debug|Any CPU
		{EBBCF266-4977-494F-808F-2B4FE4BF695C}.Debug|Any CPU.Build.0 = Debug|Any CPU
		{EBBCF266-4977-494F-808F-2B4FE4BF695C}.Release|Any CPU.ActiveCfg = Release|Any CPU
		{EBBCF266-4977-494F-808F-2B4FE4BF695C}.Release|Any CPU.Build.0 = Release|Any CPU
		{A5F284EA-3C98-454F-BFF4-C1A5DA1AB377}.Debug|Any CPU.ActiveCfg = Debug|Any CPU
		{A5F284EA-3C98-454F-BFF4-C1A5DA1AB377}.Debug|Any CPU.Build.0 = Debug|Any CPU
		{A5F284EA-3C98-454F-BFF4-C1A5DA1AB377}.Release|Any CPU.ActiveCfg = Release|Any CPU
		{A5F284EA-3C98-454F-BFF4-C1A5DA1AB377}.Release|Any CPU.Build.0 = Release|Any CPU
	EndGlobalSection
	GlobalSection(SolutionProperties) = preSolution
		HideSolutionNode = FALSE
	EndGlobalSection
	GlobalSection(ExtensibilityGlobals) = postSolution
		SolutionGuid = {4E33421E-8948-413C-903B-F213424D18CC}
	EndGlobalSection
EndGlobal
